
Microsoft Visual Studio Solution File, Format Version 12.00
# Visual Studio 15
VisualStudioVersion = 15.0.27004.2005
MinimumVisualStudioVersion = 10.0.40219.1
Project("{FAE04EC0-301F-11D3-BF4B-00C04F79EFBC}") = "Flogging.Core", "Flogging.Core\Flogging.Core.csproj", "{B269F843-3361-4784-A587-3156AC5AF052}"
EndProject
Project("{FAE04EC0-301F-11D3-BF4B-00C04F79EFBC}") = "Flogging.Console", "Flogging.Console\Flogging.Console.csproj", "{8F1517C7-D5F9-4A38-88A5-2373D2790F54}"
EndProject
Global
	GlobalSection(SolutionConfigurationPlatforms) = preSolution
		Debug|Any CPU = Debug|Any CPU
		Release|Any CPU = Release|Any CPU
	EndGlobalSection
	GlobalSection(ProjectConfigurationPlatforms) = postSolution
		{B269F843-3361-4784-A587-3156AC5AF052}.Debug|Any CPU.ActiveCfg = Debug|Any CPU
		{B269F843-3361-4784-A587-3156AC5AF052}.Debug|Any CPU.Build.0 = Debug|Any CPU
		{B269F843-3361-4784-A587-3156AC5AF052}.Release|Any CPU.ActiveCfg = Release|Any CPU
		{B269F843-3361-4784-A587-3156AC5AF052}.Release|Any CPU.Build.0 = Release|Any CPU
		{8F1517C7-D5F9-4A38-88A5-2373D2790F54}.Debug|Any CPU.ActiveCfg = Debug|Any CPU
		{8F1517C7-D5F9-4A38-88A5-2373D2790F54}.Debug|Any CPU.Build.0 = Debug|Any CPU
		{8F1517C7-D5F9-4A38-88A5-2373D2790F54}.Release|Any CPU.ActiveCfg = Release|Any CPU
		{8F1517C7-D5F9-4A38-88A5-2373D2790F54}.Release|Any CPU.Build.0 = Release|Any CPU
	EndGlobalSection
	GlobalSection(SolutionProperties) = preSolution
		HideSolutionNode = FALSE
	EndGlobalSection
	GlobalSection(ExtensibilityGlobals) = postSolution
		SolutionGuid = {DD234A56-3BDA-4879-89F3-C96E1CE46CC9}
	EndGlobalSection
EndGlobal
